Microsoft Visual Studio Solution File, Format Version 11.00
# Visual Studio 2008

Project("{752AF117-A335-A2FA-39FB-AB89D15C9906}") = "Plonk", "Assembly-CSharp.csproj", "{21D95FED-6FC9-BA38-C88A-3E3FBB72FEBD}"
EndProject
Global
	GlobalSection(SolutionConfigurationPlatforms) = preSolution
		Debug|Any CPU = Debug|Any CPU
		Release|Any CPU = Release|Any CPU
	EndGlobalSection
	GlobalSection(ProjectConfigurationPlatforms) = postSolution
		{21D95FED-6FC9-BA38-C88A-3E3FBB72FEBD}.Debug|Any CPU.ActiveCfg = Debug|Any CPU
		{21D95FED-6FC9-BA38-C88A-3E3FBB72FEBD}.Debug|Any CPU.Build.0 = Debug|Any CPU
		{21D95FED-6FC9-BA38-C88A-3E3FBB72FEBD}.Release|Any CPU.ActiveCfg = Release|Any CPU
		{21D95FED-6FC9-BA38-C88A-3E3FBB72FEBD}.Release|Any CPU.Build.0 = Release|Any CPU
	EndGlobalSection
	GlobalSection(SolutionProperties) = preSolution
		HideSolutionNode = FALSE
	EndGlobalSection
	GlobalSection(MonoDevelopProperties) = preSolution
		StartupItem = Assembly-CSharp.csproj
	EndGlobalSection
EndGlobal
